
Microsoft Visual Studio Solution File, Format Version 12.00
# Visual Studio Version 17
VisualStudioVersion = 17.7.34221.43
MinimumVisualStudioVersion = 10.0.40219.1
Project("{FAE04EC0-301F-11D3-BF4B-00C04F79EFBC}") = "assignment2", "assignment2\assignment2.csproj", "{86696F6B-72D5-4A5A-8927-4A6CB2E335DA}"
EndProject
Global
	GlobalSection(SolutionConfigurationPlatforms) = preSolution
		Debug|Any CPU = Debug|Any CPU
		Release|Any CPU = Release|Any CPU
	EndGlobalSection
	GlobalSection(ProjectConfigurationPlatforms) = postSolution
		{86696F6B-72D5-4A5A-8927-4A6CB2E335DA}.Debug|Any CPU.ActiveCfg = Debug|Any CPU
		{86696F6B-72D5-4A5A-8927-4A6CB2E335DA}.Debug|Any CPU.Build.0 = Debug|Any CPU
		{86696F6B-72D5-4A5A-8927-4A6CB2E335DA}.Release|Any CPU.ActiveCfg = Release|Any CPU
		{86696F6B-72D5-4A5A-8927-4A6CB2E335DA}.Release|Any CPU.Build.0 = Release|Any CPU
	EndGlobalSection
	GlobalSection(SolutionProperties) = preSolution
		HideSolutionNode = FALSE
	EndGlobalSection
	GlobalSection(ExtensibilityGlobals) = postSolution
		SolutionGuid = {5CBC1A82-84B2-43AE-BB51-B308DD3E2234}
	EndGlobalSection
EndGlobal
